Microsoft Visual Studio Solution File, Format Version 12.00
# Visual Studio Version 17
VisualStudioVersion = 17.5.2.0
MinimumVisualStudioVersion = 10.0.40219.1
Project("{FAE04EC0-301F-11D3-BF4B-00C04F79EFBC}") = "Libreria.Api", "Libreria.Api.csproj", "{1113A2C3-24FF-94C8-DA40-FE4740D37CEA}"
EndProject
Global
	GlobalSection(SolutionConfigurationPlatforms) = preSolution
		Debug|Any CPU = Debug|Any CPU
		Release|Any CPU = Release|Any CPU
	EndGlobalSection
	GlobalSection(ProjectConfigurationPlatforms) = postSolution
		{1113A2C3-24FF-94C8-DA40-FE4740D37CEA}.Debug|Any CPU.ActiveCfg = Debug|Any CPU
		{1113A2C3-24FF-94C8-DA40-FE4740D37CEA}.Debug|Any CPU.Build.0 = Debug|Any CPU
		{1113A2C3-24FF-94C8-DA40-FE4740D37CEA}.Release|Any CPU.ActiveCfg = Release|Any CPU
		{1113A2C3-24FF-94C8-DA40-FE4740D37CEA}.Release|Any CPU.Build.0 = Release|Any CPU
	EndGlobalSection
	GlobalSection(SolutionProperties) = preSolution
		HideSolutionNode = FALSE
	EndGlobalSection
	GlobalSection(ExtensibilityGlobals) = postSolution
		SolutionGuid = {62EB1FA7-4743-4E4A-A632-7AFBF5B91EC3}
	EndGlobalSection
EndGlobal
