Microsoft Visual Studio Solution File, Format Version 12.00
# Visual Studio Version 17
VisualStudioVersion = 17.5.2.0
MinimumVisualStudioVersion = 10.0.40219.1
Project("{FAE04EC0-301F-11D3-BF4B-00C04F79EFBC}") = "Libreria.GraphQL", "Libreria.GraphQL.csproj", "{B514E171-73A2-3D3E-6A8B-7E1FD424D787}"
EndProject
Global
	GlobalSection(SolutionConfigurationPlatforms) = preSolution
		Debug|Any CPU = Debug|Any CPU
		Release|Any CPU = Release|Any CPU
	EndGlobalSection
	GlobalSection(ProjectConfigurationPlatforms) = postSolution
		{B514E171-73A2-3D3E-6A8B-7E1FD424D787}.Debug|Any CPU.ActiveCfg = Debug|Any CPU
		{B514E171-73A2-3D3E-6A8B-7E1FD424D787}.Debug|Any CPU.Build.0 = Debug|Any CPU
		{B514E171-73A2-3D3E-6A8B-7E1FD424D787}.Release|Any CPU.ActiveCfg = Release|Any CPU
		{B514E171-73A2-3D3E-6A8B-7E1FD424D787}.Release|Any CPU.Build.0 = Release|Any CPU
	EndGlobalSection
	GlobalSection(SolutionProperties) = preSolution
		HideSolutionNode = FALSE
	EndGlobalSection
	GlobalSection(ExtensibilityGlobals) = postSolution
		SolutionGuid = {0677E169-B289-4A17-993F-979DC8E3E4F5}
	EndGlobalSection
EndGlobal
